
Microsoft Visual Studio Solution File, Format Version 12.00
# Visual Studio Version 16
VisualStudioVersion = 16.0.810.25
MinimumVisualStudioVersion = 10.0.40219.1
Project("{FAE04EC0-301F-11D3-BF4B-00C04F79EFBC}") = "SpartaDungeon", "SpartaDungeon.csproj", "{A1E481FF-4663-408E-A89C-7EE93B1924DD}"
EndProject
Global
	GlobalSection(SolutionConfigurationPlatforms) = preSolution
		Debug|Any CPU = Debug|Any CPU
		Release|Any CPU = Release|Any CPU
	EndGlobalSection
	GlobalSection(ProjectConfigurationPlatforms) = postSolution
		{A1E481FF-4663-408E-A89C-7EE93B1924DD}.Debug|Any CPU.ActiveCfg = Debug|Any CPU
		{A1E481FF-4663-408E-A89C-7EE93B1924DD}.Debug|Any CPU.Build.0 = Debug|Any CPU
		{A1E481FF-4663-408E-A89C-7EE93B1924DD}.Release|Any CPU.ActiveCfg = Release|Any CPU
		{A1E481FF-4663-408E-A89C-7EE93B1924DD}.Release|Any CPU.Build.0 = Release|Any CPU
	EndGlobalSection
	GlobalSection(SolutionProperties) = preSolution
		HideSolutionNode = FALSE
	EndGlobalSection
	GlobalSection(ExtensibilityGlobals) = postSolution
		SolutionGuid = {46177057-5844-4BE5-8425-0DC1DF2E8356}
	EndGlobalSection
EndGlobal
